// !$*UTF8*$!
{
	archiveVersion = 1;
	classes = {
	};
	objectVersion = 56;
	objects = {

/* Begin PBXBuildFile section */
		F22D9D642BAF2EF200BD0526 /* ViewOffsetKey.swift in Sources */ = {isa = PBXBuildFile; fileRef = F22D9D632BAF2EF200BD0526 /* ViewOffsetKey.swift */; };
		F22D9D662BAF30D300BD0526 /* Wind.swift in Sources */ = {isa = PBXBuildFile; fileRef = F22D9D652BAF30D300BD0526 /* Wind.swift */; };
		F22D9D692BAF7DF400BD0526 /* LoggingCategory.swift in Sources */ = {isa = PBXBuildFile; fileRef = F22D9D682BAF7DF400BD0526 /* LoggingCategory.swift */; };
		F22D9D6B2BAF7E1F00BD0526 /* LoggingSystem.swift in Sources */ = {isa = PBXBuildFile; fileRef = F22D9D6A2BAF7E1F00BD0526 /* LoggingSystem.swift */; };
		F22D9D6D2BAF7E4900BD0526 /* Logger.swift in Sources */ = {isa = PBXBuildFile; fileRef = F22D9D6C2BAF7E4900BD0526 /* Logger.swift */; };
		F22D9D6F2BAF7F5300BD0526 /* WeatherSummaryView.swift in Sources */ = {isa = PBXBuildFile; fileRef = F22D9D6E2BAF7F5300BD0526 /* WeatherSummaryView.swift */; };
		F22D9D722BAF7F8B00BD0526 /* Temperature+Mock.swift in Sources */ = {isa = PBXBuildFile; fileRef = F22D9D712BAF7F8B00BD0526 /* Temperature+Mock.swift */; };
		F22D9D742BAF7FD900BD0526 /* Wind+Mock.swift in Sources */ = {isa = PBXBuildFile; fileRef = F22D9D732BAF7FD900BD0526 /* Wind+Mock.swift */; };
		F22D9D762BAF800D00BD0526 /* Weather+Mock.swift in Sources */ = {isa = PBXBuildFile; fileRef = F22D9D752BAF800D00BD0526 /* Weather+Mock.swift */; };
		F25E1EA02BAC581800C440F1 /* JustAnotherWeatherApp.swift in Sources */ = {isa = PBXBuildFile; fileRef = F25E1E9F2BAC581800C440F1 /* JustAnotherWeatherApp.swift */; };
		F25E1EA22BAC581800C440F1 /* ContentView.swift in Sources */ = {isa = PBXBuildFile; fileRef = F25E1EA12BAC581800C440F1 /* ContentView.swift */; };
		F25E1EA42BAC581C00C440F1 /* Assets.xcassets in Resources */ = {isa = PBXBuildFile; fileRef = F25E1EA32BAC581C00C440F1 /* Assets.xcassets */; };
		F25E1EB12BAC581C00C440F1 /* JustAnotherWeatherAppTests.swift in Sources */ = {isa = PBXBuildFile; fileRef = F25E1EB02BAC581C00C440F1 /* JustAnotherWeatherAppTests.swift */; };
		F25E1EBB2BAC581C00C440F1 /* JustAnotherWeatherAppUITests.swift in Sources */ = {isa = PBXBuildFile; fileRef = F25E1EBA2BAC581C00C440F1 /* JustAnotherWeatherAppUITests.swift */; };
		F25E1EBD2BAC581C00C440F1 /* JustAnotherWeatherAppUITestsLaunchTests.swift in Sources */ = {isa = PBXBuildFile; fileRef = F25E1EBC2BAC581C00C440F1 /* JustAnotherWeatherAppUITestsLaunchTests.swift */; };
		F25E1ECF2BAD62D500C440F1 /* WeatherAPIService.swift in Sources */ = {isa = PBXBuildFile; fileRef = F25E1ECE2BAD62D500C440F1 /* WeatherAPIService.swift */; };
		F25E1ED22BAD62ED00C440F1 /* API.swift in Sources */ = {isa = PBXBuildFile; fileRef = F25E1ED12BAD62ED00C440F1 /* API.swift */; };
		F25E1ED52BAD92A000C440F1 /* RKAPIService in Frameworks */ = {isa = PBXBuildFile; productRef = F25E1ED42BAD92A000C440F1 /* RKAPIService */; };
		F25E1ED72BAD92A000C440F1 /* RKAPIUtility in Frameworks */ = {isa = PBXBuildFile; productRef = F25E1ED62BAD92A000C440F1 /* RKAPIUtility */; };
		F25E1ED92BAE459E00C440F1 /* CurrentWeatherView.swift in Sources */ = {isa = PBXBuildFile; fileRef = F25E1ED82BAE459E00C440F1 /* CurrentWeatherView.swift */; };
		F25E1EDC2BAE48EF00C440F1 /* LocationService.swift in Sources */ = {isa = PBXBuildFile; fileRef = F25E1EDB2BAE48EF00C440F1 /* LocationService.swift */; };
		F25E1EE02BAE49BC00C440F1 /* Utility.swift in Sources */ = {isa = PBXBuildFile; fileRef = F25E1EDF2BAE49BC00C440F1 /* Utility.swift */; };
		F25E1EE22BAE4C7700C440F1 /* CurrentWeatherViewModel.swift in Sources */ = {isa = PBXBuildFile; fileRef = F25E1EE12BAE4C7700C440F1 /* CurrentWeatherViewModel.swift */; };
		F2C0CFCA2BAE4E510009383F /* Preview Assets.xcassets in Resources */ = {isa = PBXBuildFile; fileRef = F2C0CFC92BAE4E510009383F /* Preview Assets.xcassets */; };
		F2C0CFCD2BAE4E980009383F /* Bundle.swift in Sources */ = {isa = PBXBuildFile; fileRef = F2C0CFCC2BAE4E980009383F /* Bundle.swift */; };
		F2C0CFD02BAE502B0009383F /* URLInfo.plist in Resources */ = {isa = PBXBuildFile; fileRef = F2C0CFCE2BAE502B0009383F /* URLInfo.plist */; };
		F2C0CFD32BAE503B0009383F /* URLS.swift in Sources */ = {isa = PBXBuildFile; fileRef = F2C0CFD22BAE503B0009383F /* URLS.swift */; };
		F2C0CFD62BAE57150009383F /* EndPoint.swift in Sources */ = {isa = PBXBuildFile; fileRef = F2C0CFD52BAE57150009383F /* EndPoint.swift */; };
		F2C0CFD82BAE58D50009383F /* URLSessionConfiguration.swift in Sources */ = {isa = PBXBuildFile; fileRef = F2C0CFD72BAE58D50009383F /* URLSessionConfiguration.swift */; };
		F2C0CFDA2BAEA7170009383F /* Double.swift in Sources */ = {isa = PBXBuildFile; fileRef = F2C0CFD92BAEA7170009383F /* Double.swift */; };
		F2C0CFDC2BAEB06E0009383F /* Temperature.swift in Sources */ = {isa = PBXBuildFile; fileRef = F2C0CFDB2BAEB06E0009383F /* Temperature.swift */; };
		F2C0CFDE2BAEB2860009383F /* Weather.swift in Sources */ = {isa = PBXBuildFile; fileRef = F2C0CFDD2BAEB2860009383F /* Weather.swift */; };
		F2C0CFE02BAEBD3C0009383F /* CodableDataModelBase.swift in Sources */ = {isa = PBXBuildFile; fileRef = F2C0CFDF2BAEBD3C0009383F /* CodableDataModelBase.swift */; };
		F2C0CFE42BAED4CF0009383F /* AppDelegate.swift in Sources */ = {isa = PBXBuildFile; fileRef = F2C0CFE32BAED4CF0009383F /* AppDelegate.swift */; };
		F2C0CFE62BAED5000009383F /* SceneDelegate.swift in Sources */ = {isa = PBXBuildFile; fileRef = F2C0CFE52BAED5000009383F /* SceneDelegate.swift */; };
/* End PBXBuildFile section */

/* Begin PBXContainerItemProxy section */
		F25E1EAD2BAC581C00C440F1 /* PBXContainerItemProxy */ = {
			isa = PBXContainerItemProxy;
			containerPortal = F25E1E942BAC581800C440F1 /* Project object */;
			proxyType = 1;
			remoteGlobalIDString = F25E1E9B2BAC581800C440F1;
			remoteInfo = JustAnotherWeatherApp;
		};
		F25E1EB72BAC581C00C440F1 /* PBXContainerItemProxy */ = {
			isa = PBXContainerItemProxy;
			containerPortal = F25E1E942BAC581800C440F1 /* Project object */;
			proxyType = 1;
			remoteGlobalIDString = F25E1E9B2BAC581800C440F1;
			remoteInfo = JustAnotherWeatherApp;
		};
/* End PBXContainerItemProxy section */

/* Begin PBXFileReference section */
		F22D9D632BAF2EF200BD0526 /* ViewOffsetKey.swift */ = {isa = PBXFileReference; lastKnownFileType = sourcecode.swift; path = ViewOffsetKey.swift; sourceTree = "<group>"; };
		F22D9D652BAF30D300BD0526 /* Wind.swift */ = {isa = PBXFileReference; lastKnownFileType = sourcecode.swift; path = Wind.swift; sourceTree = "<group>"; };
		F22D9D682BAF7DF400BD0526 /* LoggingCategory.swift */ = {isa = PBXFileReference; lastKnownFileType = sourcecode.swift; path = LoggingCategory.swift; sourceTree = "<group>"; };
		F22D9D6A2BAF7E1F00BD0526 /* LoggingSystem.swift */ = {isa = PBXFileReference; lastKnownFileType = sourcecode.swift; path = LoggingSystem.swift; sourceTree = "<group>"; };
		F22D9D6C2BAF7E4900BD0526 /* Logger.swift */ = {isa = PBXFileReference; lastKnownFileType = sourcecode.swift; path = Logger.swift; sourceTree = "<group>"; };
		F22D9D6E2BAF7F5300BD0526 /* WeatherSummaryView.swift */ = {isa = PBXFileReference; lastKnownFileType = sourcecode.swift; path = WeatherSummaryView.swift; sourceTree = "<group>"; };
		F22D9D712BAF7F8B00BD0526 /* Temperature+Mock.swift */ = {isa = PBXFileReference; lastKnownFileType = sourcecode.swift; path = "Temperature+Mock.swift"; sourceTree = "<group>"; };
		F22D9D732BAF7FD900BD0526 /* Wind+Mock.swift */ = {isa = PBXFileReference; lastKnownFileType = sourcecode.swift; path = "Wind+Mock.swift"; sourceTree = "<group>"; };
		F22D9D752BAF800D00BD0526 /* Weather+Mock.swift */ = {isa = PBXFileReference; lastKnownFileType = sourcecode.swift; path = "Weather+Mock.swift"; sourceTree = "<group>"; };
		F25E1E9C2BAC581800C440F1 /* JustAnotherWeatherApp.app */ = {isa = PBXFileReference; explicitFileType = wrapper.application; includeInIndex = 0; path = JustAnotherWeatherApp.app; sourceTree = BUILT_PRODUCTS_DIR; };
		F25E1E9F2BAC581800C440F1 /* JustAnotherWeatherApp.swift */ = {isa = PBXFileReference; lastKnownFileType = sourcecode.swift; path = JustAnotherWeatherApp.swift; sourceTree = "<group>"; };
		F25E1EA12BAC581800C440F1 /* ContentView.swift */ = {isa = PBXFileReference; lastKnownFileType = sourcecode.swift; path = ContentView.swift; sourceTree = "<group>"; };
		F25E1EA32BAC581C00C440F1 /* Assets.xcassets */ = {isa = PBXFileReference; lastKnownFileType = folder.assetcatalog; path = Assets.xcassets; sourceTree = "<group>"; };
		F25E1EAC2BAC581C00C440F1 /* JustAnotherWeatherAppTests.xctest */ = {isa = PBXFileReference; explicitFileType = wrapper.cfbundle; includeInIndex = 0; path = JustAnotherWeatherAppTests.xctest; sourceTree = BUILT_PRODUCTS_DIR; };
		F25E1EB02BAC581C00C440F1 /* JustAnotherWeatherAppTests.swift */ = {isa = PBXFileReference; lastKnownFileType = sourcecode.swift; path = JustAnotherWeatherAppTests.swift; sourceTree = "<group>"; };
		F25E1EB62BAC581C00C440F1 /* JustAnotherWeatherAppUITests.xctest */ = {isa = PBXFileReference; explicitFileType = wrapper.cfbundle; includeInIndex = 0; path = JustAnotherWeatherAppUITests.xctest; sourceTree = BUILT_PRODUCTS_DIR; };
		F25E1EBA2BAC581C00C440F1 /* JustAnotherWeatherAppUITests.swift */ = {isa = PBXFileReference; lastKnownFileType = sourcecode.swift; path = JustAnotherWeatherAppUITests.swift; sourceTree = "<group>"; };
		F25E1EBC2BAC581C00C440F1 /* JustAnotherWeatherAppUITestsLaunchTests.swift */ = {isa = PBXFileReference; lastKnownFileType = sourcecode.swift; path = JustAnotherWeatherAppUITestsLaunchTests.swift; sourceTree = "<group>"; };
		F25E1ECE2BAD62D500C440F1 /* WeatherAPIService.swift */ = {isa = PBXFileReference; lastKnownFileType = sourcecode.swift; path = WeatherAPIService.swift; sourceTree = "<group>"; };
		F25E1ED12BAD62ED00C440F1 /* API.swift */ = {isa = PBXFileReference; lastKnownFileType = sourcecode.swift; path = API.swift; sourceTree = "<group>"; };
		F25E1ED82BAE459E00C440F1 /* CurrentWeatherView.swift */ = {isa = PBXFileReference; lastKnownFileType = sourcecode.swift; path = CurrentWeatherView.swift; sourceTree = "<group>"; };
		F25E1EDB2BAE48EF00C440F1 /* LocationService.swift */ = {isa = PBXFileReference; lastKnownFileType = sourcecode.swift; path = LocationService.swift; sourceTree = "<group>"; };
		F25E1EDF2BAE49BC00C440F1 /* Utility.swift */ = {isa = PBXFileReference; lastKnownFileType = sourcecode.swift; path = Utility.swift; sourceTree = "<group>"; };
		F25E1EE12BAE4C7700C440F1 /* CurrentWeatherViewModel.swift */ = {isa = PBXFileReference; lastKnownFileType = sourcecode.swift; path = CurrentWeatherViewModel.swift; sourceTree = "<group>"; };
		F2C0CFC92BAE4E510009383F /* Preview Assets.xcassets */ = {isa = PBXFileReference; lastKnownFileType = folder.assetcatalog; path = "Preview Assets.xcassets"; sourceTree = "<group>"; };
		F2C0CFCC2BAE4E980009383F /* Bundle.swift */ = {isa = PBXFileReference; lastKnownFileType = sourcecode.swift; path = Bundle.swift; sourceTree = "<group>"; };
		F2C0CFCE2BAE502B0009383F /* URLInfo.plist */ = {isa = PBXFileReference; fileEncoding = 4; lastKnownFileType = text.plist.xml; path = URLInfo.plist; sourceTree = "<group>"; };
		F2C0CFD22BAE503B0009383F /* URLS.swift */ = {isa = PBXFileReference; lastKnownFileType = sourcecode.swift; path = URLS.swift; sourceTree = "<group>"; };
		F2C0CFD52BAE57150009383F /* EndPoint.swift */ = {isa = PBXFileReference; lastKnownFileType = sourcecode.swift; path = EndPoint.swift; sourceTree = "<group>"; };
		F2C0CFD72BAE58D50009383F /* URLSessionConfiguration.swift */ = {isa = PBXFileReference; lastKnownFileType = sourcecode.swift; path = URLSessionConfiguration.swift; sourceTree = "<group>"; };
		F2C0CFD92BAEA7170009383F /* Double.swift */ = {isa = PBXFileReference; lastKnownFileType = sourcecode.swift; path = Double.swift; sourceTree = "<group>"; };
		F2C0CFDB2BAEB06E0009383F /* Temperature.swift */ = {isa = PBXFileReference; lastKnownFileType = sourcecode.swift; path = Temperature.swift; sourceTree = "<group>"; };
		F2C0CFDD2BAEB2860009383F /* Weather.swift */ = {isa = PBXFileReference; lastKnownFileType = sourcecode.swift; path = Weather.swift; sourceTree = "<group>"; };
		F2C0CFDF2BAEBD3C0009383F /* CodableDataModelBase.swift */ = {isa = PBXFileReference; lastKnownFileType = sourcecode.swift; path = CodableDataModelBase.swift; sourceTree = "<group>"; };
		F2C0CFE22BAED42A0009383F /* Info.plist */ = {isa = PBXFileReference; lastKnownFileType = text.plist; path = Info.plist; sourceTree = "<group>"; };
		F2C0CFE32BAED4CF0009383F /* AppDelegate.swift */ = {isa = PBXFileReference; lastKnownFileType = sourcecode.swift; path = AppDelegate.swift; sourceTree = "<group>"; };
		F2C0CFE52BAED5000009383F /* SceneDelegate.swift */ = {isa = PBXFileReference; lastKnownFileType = sourcecode.swift; path = SceneDelegate.swift; sourceTree = "<group>"; };
/* End PBXFileReference section */

/* Begin PBXFrameworksBuildPhase section */
		F25E1E992BAC581800C440F1 /* Frameworks */ = {
			isa = PBXFrameworksBuildPhase;
			buildActionMask = 2147483647;
			files = (
				F25E1ED52BAD92A000C440F1 /* RKAPIService in Frameworks */,
				F25E1ED72BAD92A000C440F1 /* RKAPIUtility in Frameworks */,
			);
			runOnlyForDeploymentPostprocessing = 0;
		};
		F25E1EA92BAC581C00C440F1 /* Frameworks */ = {
			isa = PBXFrameworksBuildPhase;
			buildActionMask = 2147483647;
			files = (
			);
			runOnlyForDeploymentPostprocessing = 0;
		};
		F25E1EB32BAC581C00C440F1 /* Frameworks */ = {
			isa = PBXFrameworksBuildPhase;
			buildActionMask = 2147483647;
			files = (
			);
			runOnlyForDeploymentPostprocessing = 0;
		};
/* End PBXFrameworksBuildPhase section */

/* Begin PBXGroup section */
		F22D9D622BAF2EDF00BD0526 /* PreferanceKey */ = {
			isa = PBXGroup;
			children = (
				F22D9D632BAF2EF200BD0526 /* ViewOffsetKey.swift */,
			);
			path = PreferanceKey;
			sourceTree = "<group>";
		};
		F22D9D672BAF7DE100BD0526 /* Log */ = {
			isa = PBXGroup;
			children = (
				F22D9D682BAF7DF400BD0526 /* LoggingCategory.swift */,
				F22D9D6A2BAF7E1F00BD0526 /* LoggingSystem.swift */,
			);
			path = Log;
			sourceTree = "<group>";
		};
		F22D9D702BAF7F6900BD0526 /* MockData */ = {
			isa = PBXGroup;
			children = (
				F22D9D712BAF7F8B00BD0526 /* Temperature+Mock.swift */,
				F22D9D732BAF7FD900BD0526 /* Wind+Mock.swift */,
				F22D9D752BAF800D00BD0526 /* Weather+Mock.swift */,
			);
			path = MockData;
			sourceTree = "<group>";
		};
		F25E1E932BAC581800C440F1 = {
			isa = PBXGroup;
			children = (
				F25E1E9E2BAC581800C440F1 /* JustAnotherWeatherApp */,
				F25E1EAF2BAC581C00C440F1 /* JustAnotherWeatherAppTests */,
				F25E1EB92BAC581C00C440F1 /* JustAnotherWeatherAppUITests */,
				F25E1E9D2BAC581800C440F1 /* Products */,
			);
			sourceTree = "<group>";
		};
		F25E1E9D2BAC581800C440F1 /* Products */ = {
			isa = PBXGroup;
			children = (
				F25E1E9C2BAC581800C440F1 /* JustAnotherWeatherApp.app */,
				F25E1EAC2BAC581C00C440F1 /* JustAnotherWeatherAppTests.xctest */,
				F25E1EB62BAC581C00C440F1 /* JustAnotherWeatherAppUITests.xctest */,
			);
			name = Products;
			sourceTree = "<group>";
		};
		F25E1E9E2BAC581800C440F1 /* JustAnotherWeatherApp */ = {
			isa = PBXGroup;
			children = (
				F2C0CFE22BAED42A0009383F /* Info.plist */,
				F25E1ECD2BAD62BC00C440F1 /* APIService */,
				F25E1ECC2BAD5F0300C440F1 /* Enum */,
				F2C0CFCB2BAE4E860009383F /* Extension */,
				F25E1EE32BAE4C7C00C440F1 /* Model */,
				F25E1ED02BAD62DA00C440F1 /* Protocol */,
				F25E1EC92BAD5ED800C440F1 /* Resources */,
				F25E1EDA2BAE48D800C440F1 /* Service */,
				F25E1ECA2BAD5EF000C440F1 /* View */,
				F25E1ECB2BAD5EF900C440F1 /* ViewModel */,
			);
			path = JustAnotherWeatherApp;
			sourceTree = "<group>";
		};
		F25E1EAF2BAC581C00C440F1 /* JustAnotherWeatherAppTests */ = {
			isa = PBXGroup;
			children = (
				F25E1EB02BAC581C00C440F1 /* JustAnotherWeatherAppTests.swift */,
			);
			path = JustAnotherWeatherAppTests;
			sourceTree = "<group>";
		};
		F25E1EB92BAC581C00C440F1 /* JustAnotherWeatherAppUITests */ = {
			isa = PBXGroup;
			children = (
				F25E1EBA2BAC581C00C440F1 /* JustAnotherWeatherAppUITests.swift */,
				F25E1EBC2BAC581C00C440F1 /* JustAnotherWeatherAppUITestsLaunchTests.swift */,
			);
			path = JustAnotherWeatherAppUITests;
			sourceTree = "<group>";
		};
		F25E1EC92BAD5ED800C440F1 /* Resources */ = {
			isa = PBXGroup;
			children = (
				F2C0CFE32BAED4CF0009383F /* AppDelegate.swift */,
				F2C0CFDF2BAEBD3C0009383F /* CodableDataModelBase.swift */,
				F25E1EA12BAC581800C440F1 /* ContentView.swift */,
				F25E1E9F2BAC581800C440F1 /* JustAnotherWeatherApp.swift */,
				F2C0CFE52BAED5000009383F /* SceneDelegate.swift */,
				F25E1EDF2BAE49BC00C440F1 /* Utility.swift */,
				F25E1EA32BAC581C00C440F1 /* Assets.xcassets */,
				F22D9D622BAF2EDF00BD0526 /* PreferanceKey */,
				F2C0CFC82BAE4E510009383F /* Preview Content */,
				F2C0CFD42BAE50B50009383F /* URL */,
			);
			path = Resources;
			sourceTree = "<group>";
		};
		F25E1ECA2BAD5EF000C440F1 /* View */ = {
			isa = PBXGroup;
			children = (
				F25E1ED82BAE459E00C440F1 /* CurrentWeatherView.swift */,
				F22D9D6E2BAF7F5300BD0526 /* WeatherSummaryView.swift */,
			);
			path = View;
			sourceTree = "<group>";
		};
		F25E1ECB2BAD5EF900C440F1 /* ViewModel */ = {
			isa = PBXGroup;
			children = (
				F25E1EE12BAE4C7700C440F1 /* CurrentWeatherViewModel.swift */,
			);
			path = ViewModel;
			sourceTree = "<group>";
		};
		F25E1ECC2BAD5F0300C440F1 /* Enum */ = {
			isa = PBXGroup;
			children = (
				F22D9D672BAF7DE100BD0526 /* Log */,
			);
			path = Enum;
			sourceTree = "<group>";
		};
		F25E1ECD2BAD62BC00C440F1 /* APIService */ = {
			isa = PBXGroup;
			children = (
				F25E1ECE2BAD62D500C440F1 /* WeatherAPIService.swift */,
			);
			path = APIService;
			sourceTree = "<group>";
		};
		F25E1ED02BAD62DA00C440F1 /* Protocol */ = {
			isa = PBXGroup;
			children = (
				F25E1ED12BAD62ED00C440F1 /* API.swift */,
				F2C0CFD52BAE57150009383F /* EndPoint.swift */,
			);
			path = Protocol;
			sourceTree = "<group>";
		};
		F25E1EDA2BAE48D800C440F1 /* Service */ = {
			isa = PBXGroup;
			children = (
				F25E1EDB2BAE48EF00C440F1 /* LocationService.swift */,
			);
			path = Service;
			sourceTree = "<group>";
		};
		F25E1EE32BAE4C7C00C440F1 /* Model */ = {
			isa = PBXGroup;
			children = (
				F2C0CFDB2BAEB06E0009383F /* Temperature.swift */,
				F2C0CFDD2BAEB2860009383F /* Weather.swift */,
				F22D9D652BAF30D300BD0526 /* Wind.swift */,
			);
			path = Model;
			sourceTree = "<group>";
		};
		F2C0CFC82BAE4E510009383F /* Preview Content */ = {
			isa = PBXGroup;
			children = (
				F22D9D702BAF7F6900BD0526 /* MockData */,
				F2C0CFC92BAE4E510009383F /* Preview Assets.xcassets */,
			);
			path = "Preview Content";
			sourceTree = "<group>";
		};
		F2C0CFCB2BAE4E860009383F /* Extension */ = {
			isa = PBXGroup;
			children = (
				F2C0CFCC2BAE4E980009383F /* Bundle.swift */,
				F2C0CFD92BAEA7170009383F /* Double.swift */,
				F22D9D6C2BAF7E4900BD0526 /* Logger.swift */,
				F2C0CFD72BAE58D50009383F /* URLSessionConfiguration.swift */,
			);
			path = Extension;
			sourceTree = "<group>";
		};
		F2C0CFD42BAE50B50009383F /* URL */ = {
			isa = PBXGroup;
			children = (
				F2C0CFD22BAE503B0009383F /* URLS.swift */,
				F2C0CFCE2BAE502B0009383F /* URLInfo.plist */,
			);
			path = URL;
			sourceTree = "<group>";
		};
/* End PBXGroup section */

/* Begin PBXNativeTarget section */
		F25E1E9B2BAC581800C440F1 /* JustAnotherWeatherApp */ = {
			isa = PBXNativeTarget;
			buildConfigurationList = F25E1EC02BAC581C00C440F1 /* Build configuration list for PBXNativeTarget "JustAnotherWeatherApp" */;
			buildPhases = (
				F25E1E982BAC581800C440F1 /* Sources */,
				F25E1E992BAC581800C440F1 /* Frameworks */,
				F25E1E9A2BAC581800C440F1 /* Resources */,
			);
			buildRules = (
			);
			dependencies = (
			);
			name = JustAnotherWeatherApp;
			packageProductDependencies = (
				F25E1ED42BAD92A000C440F1 /* RKAPIService */,
				F25E1ED62BAD92A000C440F1 /* RKAPIUtility */,
			);
			productName = JustAnotherWeatherApp;
			productReference = F25E1E9C2BAC581800C440F1 /* JustAnotherWeatherApp.app */;
			productType = "com.apple.product-type.application";
		};
		F25E1EAB2BAC581C00C440F1 /* JustAnotherWeatherAppTests */ = {
			isa = PBXNativeTarget;
			buildConfigurationList = F25E1EC32BAC581C00C440F1 /* Build configuration list for PBXNativeTarget "JustAnotherWeatherAppTests" */;
			buildPhases = (
				F25E1EA82BAC581C00C440F1 /* Sources */,
				F25E1EA92BAC581C00C440F1 /* Frameworks */,
				F25E1EAA2BAC581C00C440F1 /* Resources */,
			);
			buildRules = (
			);
			dependencies = (
				F25E1EAE2BAC581C00C440F1 /* PBXTargetDependency */,
			);
			name = JustAnotherWeatherAppTests;
			productName = JustAnotherWeatherAppTests;
			productReference = F25E1EAC2BAC581C00C440F1 /* JustAnotherWeatherAppTests.xctest */;
			productType = "com.apple.product-type.bundle.unit-test";
		};
		F25E1EB52BAC581C00C440F1 /* JustAnotherWeatherAppUITests */ = {
			isa = PBXNativeTarget;
			buildConfigurationList = F25E1EC62BAC581C00C440F1 /* Build configuration list for PBXNativeTarget "JustAnotherWeatherAppUITests" */;
			buildPhases = (
				F25E1EB22BAC581C00C440F1 /* Sources */,
				F25E1EB32BAC581C00C440F1 /* Frameworks */,
				F25E1EB42BAC581C00C440F1 /* Resources */,
			);
			buildRules = (
			);
			dependencies = (
				F25E1EB82BAC581C00C440F1 /* PBXTargetDependency */,
			);
			name = JustAnotherWeatherAppUITests;
			productName = JustAnotherWeatherAppUITests;
			productReference = F25E1EB62BAC581C00C440F1 /* JustAnotherWeatherAppUITests.xctest */;
			productType = "com.apple.product-type.bundle.ui-testing";
		};
/* End PBXNativeTarget section */

/* Begin PBXProject section */
		F25E1E942BAC581800C440F1 /* Project object */ = {
			isa = PBXProject;
			attributes = {
				BuildIndependentTargetsInParallel = 1;
				LastSwiftUpdateCheck = 1430;
				LastUpgradeCheck = 1430;
				TargetAttributes = {
					F25E1E9B2BAC581800C440F1 = {
						CreatedOnToolsVersion = 14.3.1;
					};
					F25E1EAB2BAC581C00C440F1 = {
						CreatedOnToolsVersion = 14.3.1;
						TestTargetID = F25E1E9B2BAC581800C440F1;
					};
					F25E1EB52BAC581C00C440F1 = {
						CreatedOnToolsVersion = 14.3.1;
						TestTargetID = F25E1E9B2BAC581800C440F1;
					};
				};
			};
			buildConfigurationList = F25E1E972BAC581800C440F1 /* Build configuration list for PBXProject "JustAnotherWeatherApp" */;
			compatibilityVersion = "Xcode 14.0";
			developmentRegion = en;
			hasScannedForEncodings = 0;
			knownRegions = (
				en,
				Base,
			);
			mainGroup = F25E1E932BAC581800C440F1;
			packageReferences = (
				F25E1ED32BAD92A000C440F1 /* XCRemoteSwiftPackageReference "RKAPIService" */,
			);
			productRefGroup = F25E1E9D2BAC581800C440F1 /* Products */;
			projectDirPath = "";
			projectRoot = "";
			targets = (
				F25E1E9B2BAC581800C440F1 /* JustAnotherWeatherApp */,
				F25E1EAB2BAC581C00C440F1 /* JustAnotherWeatherAppTests */,
				F25E1EB52BAC581C00C440F1 /* JustAnotherWeatherAppUITests */,
			);
		};
/* End PBXProject section */

/* Begin PBXResourcesBuildPhase section */
		F25E1E9A2BAC581800C440F1 /* Resources */ = {
			isa = PBXResourcesBuildPhase;
			buildActionMask = 2147483647;
			files = (
				F2C0CFCA2BAE4E510009383F /* Preview Assets.xcassets in Resources */,
				F25E1EA42BAC581C00C440F1 /* Assets.xcassets in Resources */,
				F2C0CFD02BAE502B0009383F /* URLInfo.plist in Resources */,
			);
			runOnlyForDeploymentPostprocessing = 0;
		};
		F25E1EAA2BAC581C00C440F1 /* Resources */ = {
			isa = PBXResourcesBuildPhase;
			buildActionMask = 2147483647;
			files = (
			);
			runOnlyForDeploymentPostprocessing = 0;
		};
		F25E1EB42BAC581C00C440F1 /* Resources */ = {
			isa = PBXResourcesBuildPhase;
			buildActionMask = 2147483647;
			files = (
			);
			runOnlyForDeploymentPostprocessing = 0;
		};
/* End PBXResourcesBuildPhase section */

/* Begin PBXSourcesBuildPhase section */
		F25E1E982BAC581800C440F1 /* Sources */ = {
			isa = PBXSourcesBuildPhase;
			buildActionMask = 2147483647;
			files = (
				F25E1ECF2BAD62D500C440F1 /* WeatherAPIService.swift in Sources */,
				F25E1EA22BAC581800C440F1 /* ContentView.swift in Sources */,
				F22D9D662BAF30D300BD0526 /* Wind.swift in Sources */,
				F22D9D742BAF7FD900BD0526 /* Wind+Mock.swift in Sources */,
				F25E1EE22BAE4C7700C440F1 /* CurrentWeatherViewModel.swift in Sources */,
				F22D9D722BAF7F8B00BD0526 /* Temperature+Mock.swift in Sources */,
				F22D9D6F2BAF7F5300BD0526 /* WeatherSummaryView.swift in Sources */,
				F2C0CFCD2BAE4E980009383F /* Bundle.swift in Sources */,
				F2C0CFE02BAEBD3C0009383F /* CodableDataModelBase.swift in Sources */,
				F22D9D762BAF800D00BD0526 /* Weather+Mock.swift in Sources */,
				F22D9D6B2BAF7E1F00BD0526 /* LoggingSystem.swift in Sources */,
				F2C0CFDC2BAEB06E0009383F /* Temperature.swift in Sources */,
				F22D9D642BAF2EF200BD0526 /* ViewOffsetKey.swift in Sources */,
				F22D9D6D2BAF7E4900BD0526 /* Logger.swift in Sources */,
				F25E1ED22BAD62ED00C440F1 /* API.swift in Sources */,
				F2C0CFDA2BAEA7170009383F /* Double.swift in Sources */,
				F2C0CFDE2BAEB2860009383F /* Weather.swift in Sources */,
				F2C0CFD62BAE57150009383F /* EndPoint.swift in Sources */,
				F25E1EE02BAE49BC00C440F1 /* Utility.swift in Sources */,
				F2C0CFE42BAED4CF0009383F /* AppDelegate.swift in Sources */,
				F25E1ED92BAE459E00C440F1 /* CurrentWeatherView.swift in Sources */,
				F25E1EDC2BAE48EF00C440F1 /* LocationService.swift in Sources */,
				F25E1EA02BAC581800C440F1 /* JustAnotherWeatherApp.swift in Sources */,
				F22D9D692BAF7DF400BD0526 /* LoggingCategory.swift in Sources */,
				F2C0CFE62BAED5000009383F /* SceneDelegate.swift in Sources */,
				F2C0CFD32BAE503B0009383F /* URLS.swift in Sources */,
				F2C0CFD82BAE58D50009383F /* URLSessionConfiguration.swift in Sources */,
			);
			runOnlyForDeploymentPostprocessing = 0;
		};
		F25E1EA82BAC581C00C440F1 /* Sources */ = {
			isa = PBXSourcesBuildPhase;
			buildActionMask = 2147483647;
			files = (
				F25E1EB12BAC581C00C440F1 /* JustAnotherWeatherAppTests.swift in Sources */,
			);
			runOnlyForDeploymentPostprocessing = 0;
		};
		F25E1EB22BAC581C00C440F1 /* Sources */ = {
			isa = PBXSourcesBuildPhase;
			buildActionMask = 2147483647;
			files = (
				F25E1EBB2BAC581C00C440F1 /* JustAnotherWeatherAppUITests.swift in Sources */,
				F25E1EBD2BAC581C00C440F1 /* JustAnotherWeatherAppUITestsLaunchTests.swift in Sources */,
			);
			runOnlyForDeploymentPostprocessing = 0;
		};
/* End PBXSourcesBuildPhase section */

/* Begin PBXTargetDependency section */
		F25E1EAE2BAC581C00C440F1 /* PBXTargetDependency */ = {
			isa = PBXTargetDependency;
			target = F25E1E9B2BAC581800C440F1 /* JustAnotherWeatherApp */;
			targetProxy = F25E1EAD2BAC581C00C440F1 /* PBXContainerItemProxy */;
		};
		F25E1EB82BAC581C00C440F1 /* PBXTargetDependency */ = {
			isa = PBXTargetDependency;
			target = F25E1E9B2BAC581800C440F1 /* JustAnotherWeatherApp */;
			targetProxy = F25E1EB72BAC581C00C440F1 /* PBXContainerItemProxy */;
		};
/* End PBXTargetDependency section */

/* Begin XCBuildConfiguration section */
		F25E1EBE2BAC581C00C440F1 /* Debug */ = {
			isa = XCBuildConfiguration;
			buildSettings = {
				ALWAYS_SEARCH_USER_PATHS = NO;
				CLANG_ANALYZER_NONNULL = YES;
				CLANG_ANALYZER_NUMBER_OBJECT_CONVERSION = YES_AGGRESSIVE;
				CLANG_CXX_LANGUAGE_STANDARD = "gnu++20";
				CLANG_ENABLE_MODULES = YES;
				CLANG_ENABLE_OBJC_ARC = YES;
				CLANG_ENABLE_OBJC_WEAK = YES;
				CLANG_WARN_BLOCK_CAPTURE_AUTORELEASING = YES;
				CLANG_WARN_BOOL_CONVERSION = YES;
				CLANG_WARN_COMMA = YES;
				CLANG_WARN_CONSTANT_CONVERSION = YES;
				CLANG_WARN_DEPRECATED_OBJC_IMPLEMENTATIONS = YES;
				CLANG_WARN_DIRECT_OBJC_ISA_USAGE = YES_ERROR;
				CLANG_WARN_DOCUMENTATION_COMMENTS = YES;
				CLANG_WARN_EMPTY_BODY = YES;
				CLANG_WARN_ENUM_CONVERSION = YES;
				CLANG_WARN_INFINITE_RECURSION = YES;
				CLANG_WARN_INT_CONVERSION = YES;
				CLANG_WARN_NON_LITERAL_NULL_CONVERSION = YES;
				CLANG_WARN_OBJC_IMPLICIT_RETAIN_SELF = YES;
				CLANG_WARN_OBJC_LITERAL_CONVERSION = YES;
				CLANG_WARN_OBJC_ROOT_CLASS = YES_ERROR;
				CLANG_WARN_QUOTED_INCLUDE_IN_FRAMEWORK_HEADER = YES;
				CLANG_WARN_RANGE_LOOP_ANALYSIS = YES;
				CLANG_WARN_STRICT_PROTOTYPES = YES;
				CLANG_WARN_SUSPICIOUS_MOVE = YES;
				CLANG_WARN_UNGUARDED_AVAILABILITY = YES_AGGRESSIVE;
				CLANG_WARN_UNREACHABLE_CODE = YES;
				CLANG_WARN__DUPLICATE_METHOD_MATCH = YES;
				COPY_PHASE_STRIP = NO;
				DEBUG_INFORMATION_FORMAT = dwarf;
				ENABLE_STRICT_OBJC_MSGSEND = YES;
				ENABLE_TESTABILITY = YES;
				GCC_C_LANGUAGE_STANDARD = gnu11;
				GCC_DYNAMIC_NO_PIC = NO;
				GCC_NO_COMMON_BLOCKS = YES;
				GCC_OPTIMIZATION_LEVEL = 0;
				GCC_PREPROCESSOR_DEFINITIONS = (
					"DEBUG=1",
					"$(inherited)",
				);
				GCC_WARN_64_TO_32_BIT_CONVERSION = YES;
				GCC_WARN_ABOUT_RETURN_TYPE = YES_ERROR;
				GCC_WARN_UNDECLARED_SELECTOR = YES;
				GCC_WARN_UNINITIALIZED_AUTOS = YES_AGGRESSIVE;
				GCC_WARN_UNUSED_FUNCTION = YES;
				GCC_WARN_UNUSED_VARIABLE = YES;
				IPHONEOS_DEPLOYMENT_TARGET = 16.4;
				MTL_ENABLE_DEBUG_INFO = INCLUDE_SOURCE;
				MTL_FAST_MATH = YES;
				ONLY_ACTIVE_ARCH = YES;
				SDKROOT = iphoneos;
				SWIFT_ACTIVE_COMPILATION_CONDITIONS = DEBUG;
				SWIFT_OPTIMIZATION_LEVEL = "-Onone";
			};
			name = Debug;
		};
		F25E1EBF2BAC581C00C440F1 /* Release */ = {
			isa = XCBuildConfiguration;
			buildSettings = {
				ALWAYS_SEARCH_USER_PATHS = NO;
				CLANG_ANALYZER_NONNULL = YES;
				CLANG_ANALYZER_NUMBER_OBJECT_CONVERSION = YES_AGGRESSIVE;
				CLANG_CXX_LANGUAGE_STANDARD = "gnu++20";
				CLANG_ENABLE_MODULES = YES;
				CLANG_ENABLE_OBJC_ARC = YES;
				CLANG_ENABLE_OBJC_WEAK = YES;
				CLANG_WARN_BLOCK_CAPTURE_AUTORELEASING = YES;
				CLANG_WARN_BOOL_CONVERSION = YES;
				CLANG_WARN_COMMA = YES;
				CLANG_WARN_CONSTANT_CONVERSION = YES;
				CLANG_WARN_DEPRECATED_OBJC_IMPLEMENTATIONS = YES;
				CLANG_WARN_DIRECT_OBJC_ISA_USAGE = YES_ERROR;
				CLANG_WARN_DOCUMENTATION_COMMENTS = YES;
				CLANG_WARN_EMPTY_BODY = YES;
				CLANG_WARN_ENUM_CONVERSION = YES;
				CLANG_WARN_INFINITE_RECURSION = YES;
				CLANG_WARN_INT_CONVERSION = YES;
				CLANG_WARN_NON_LITERAL_NULL_CONVERSION = YES;
				CLANG_WARN_OBJC_IMPLICIT_RETAIN_SELF = YES;
				CLANG_WARN_OBJC_LITERAL_CONVERSION = YES;
				CLANG_WARN_OBJC_ROOT_CLASS = YES_ERROR;
				CLANG_WARN_QUOTED_INCLUDE_IN_FRAMEWORK_HEADER = YES;
				CLANG_WARN_RANGE_LOOP_ANALYSIS = YES;
				CLANG_WARN_STRICT_PROTOTYPES = YES;
				CLANG_WARN_SUSPICIOUS_MOVE = YES;
				CLANG_WARN_UNGUARDED_AVAILABILITY = YES_AGGRESSIVE;
				CLANG_WARN_UNREACHABLE_CODE = YES;
				CLANG_WARN__DUPLICATE_METHOD_MATCH = YES;
				COPY_PHASE_STRIP = NO;
				DEBUG_INFORMATION_FORMAT = "dwarf-with-dsym";
				ENABLE_NS_ASSERTIONS = NO;
				ENABLE_STRICT_OBJC_MSGSEND = YES;
				GCC_C_LANGUAGE_STANDARD = gnu11;
				GCC_NO_COMMON_BLOCKS = YES;
				GCC_WARN_64_TO_32_BIT_CONVERSION = YES;
				GCC_WARN_ABOUT_RETURN_TYPE = YES_ERROR;
				GCC_WARN_UNDECLARED_SELECTOR = YES;
				GCC_WARN_UNINITIALIZED_AUTOS = YES_AGGRESSIVE;
				GCC_WARN_UNUSED_FUNCTION = YES;
				GCC_WARN_UNUSED_VARIABLE = YES;
				IPHONEOS_DEPLOYMENT_TARGET = 16.4;
				MTL_ENABLE_DEBUG_INFO = NO;
				MTL_FAST_MATH = YES;
				SDKROOT = iphoneos;
				SWIFT_COMPILATION_MODE = wholemodule;
				SWIFT_OPTIMIZATION_LEVEL = "-O";
				VALIDATE_PRODUCT = YES;
			};
			name = Release;
		};
		F25E1EC12BAC581C00C440F1 /* Debug */ = {
			isa = XCBuildConfiguration;
			buildSettings = {
				ASSETCATALOG_COMPILER_APPICON_NAME = AppIcon;
				ASSETCATALOG_COMPILER_GLOBAL_ACCENT_COLOR_NAME = AccentColor;
				CODE_SIGN_STYLE = Automatic;
				CURRENT_PROJECT_VERSION = 1.0.0;
				DEVELOPMENT_ASSET_PATHS = "JustAnotherWeatherApp/Resources/Preview\\ Content/Preview\\ Assets.xcassets";
				DEVELOPMENT_TEAM = AR23ZCHW2B;
				ENABLE_PREVIEWS = YES;
				GENERATE_INFOPLIST_FILE = YES;
				INFOPLIST_FILE = JustAnotherWeatherApp/Info.plist;
				INFOPLIST_KEY_CFBundleDisplayName = JustWeather;
				INFOPLIST_KEY_LSApplicationCategoryType = "public.app-category.weather";
				INFOPLIST_KEY_NSLocationUsageDescription = "To get your current location and show weather data accordingly.";
				INFOPLIST_KEY_NSLocationWhenInUseUsageDescription = "To get current location every time app launches and get weather data accordingly.";
				INFOPLIST_KEY_UIApplicationSceneManifest_Generation = YES;
				INFOPLIST_KEY_UIApplicationSupportsIndirectInputEvents = YES;
				INFOPLIST_KEY_UILaunchScreen_Generation = YES;
				INFOPLIST_KEY_UISupportedInterfaceOrientations = UIInterfaceOrientationPortrait;
				INFOPLIST_KEY_UISupportedInterfaceOrientations_iPad = "UIInterfaceOrientationLandscapeLeft UIInterfaceOrientationLandscapeRight UIInterfaceOrientationPortrait UIInterfaceOrientationPortraitUpsideDown";
				IPHONEOS_DEPLOYMENT_TARGET = 15.0;
				LD_RUNPATH_SEARCH_PATHS = (
					"$(inherited)",
					"@executable_path/Frameworks",
				);
				MARKETING_VERSION = 1.0.0;
				PRODUCT_BUNDLE_IDENTIFIER = me.therakiburkhan.app.JustAnotherWeatherApp;
				PRODUCT_NAME = "$(TARGET_NAME)";
				SWIFT_EMIT_LOC_STRINGS = YES;
				SWIFT_VERSION = 5.0;
				TARGETED_DEVICE_FAMILY = "1,2";
			};
			name = Debug;
		};
		F25E1EC22BAC581C00C440F1 /* Release */ = {
			isa = XCBuildConfiguration;
			buildSettings = {
				ASSETCATALOG_COMPILER_APPICON_NAME = AppIcon;
				ASSETCATALOG_COMPILER_GLOBAL_ACCENT_COLOR_NAME = AccentColor;
				CODE_SIGN_STYLE = Automatic;
				CURRENT_PROJECT_VERSION = 1.0.0;
				DEVELOPMENT_ASSET_PATHS = "JustAnotherWeatherApp/Resources/Preview\\ Content/Preview\\ Assets.xcassets";
				DEVELOPMENT_TEAM = AR23ZCHW2B;
				ENABLE_PREVIEWS = YES;
				GENERATE_INFOPLIST_FILE = YES;
				INFOPLIST_FILE = JustAnotherWeatherApp/Info.plist;
				INFOPLIST_KEY_CFBundleDisplayName = JustWeather;
				INFOPLIST_KEY_LSApplicationCategoryType = "public.app-category.weather";
				INFOPLIST_KEY_NSLocationUsageDescription = "To get your current location and show weather data accordingly.";
				INFOPLIST_KEY_NSLocationWhenInUseUsageDescription = "To get current location every time app launches and get weather data accordingly.";
				INFOPLIST_KEY_UIApplicationSceneManifest_Generation = YES;
				INFOPLIST_KEY_UIApplicationSupportsIndirectInputEvents = YES;
				INFOPLIST_KEY_UILaunchScreen_Generation = YES;
				INFOPLIST_KEY_UISupportedInterfaceOrientations = UIInterfaceOrientationPortrait;
				INFOPLIST_KEY_UISupportedInterfaceOrientations_iPad = "UIInterfaceOrientationLandscapeLeft UIInterfaceOrientationLandscapeRight UIInterfaceOrientationPortrait UIInterfaceOrientationPortraitUpsideDown";
				IPHONEOS_DEPLOYMENT_TARGET = 15.0;
				LD_RUNPATH_SEARCH_PATHS = (
					"$(inherited)",
					"@executable_path/Frameworks",
				);
				MARKETING_VERSION = 1.0.0;
				PRODUCT_BUNDLE_IDENTIFIER = me.therakiburkhan.app.JustAnotherWeatherApp;
				PRODUCT_NAME = "$(TARGET_NAME)";
				SWIFT_EMIT_LOC_STRINGS = YES;
				SWIFT_VERSION = 5.0;
				TARGETED_DEVICE_FAMILY = "1,2";
			};
			name = Release;
		};
		F25E1EC42BAC581C00C440F1 /* Debug */ = {
			isa = XCBuildConfiguration;
			buildSettings = {
				ALWAYS_EMBED_SWIFT_STANDARD_LIBRARIES = YES;
				BUNDLE_LOADER = "$(TEST_HOST)";
				CODE_SIGN_STYLE = Automatic;
				CURRENT_PROJECT_VERSION = 1;
				DEVELOPMENT_TEAM = LWVWLR4225;
				GENERATE_INFOPLIST_FILE = YES;
				IPHONEOS_DEPLOYMENT_TARGET = 16.4;
				MARKETING_VERSION = 1.0;
				PRODUCT_BUNDLE_IDENTIFIER = tech.codefeed.app.JustAnotherWeatherAppTests;
				PRODUCT_NAME = "$(TARGET_NAME)";
				SWIFT_EMIT_LOC_STRINGS = NO;
				SWIFT_VERSION = 5.0;
				TARGETED_DEVICE_FAMILY = "1,2";
				TEST_HOST = "$(BUILT_PRODUCTS_DIR)/JustAnotherWeatherApp.app/$(BUNDLE_EXECUTABLE_FOLDER_PATH)/JustAnotherWeatherApp";
			};
			name = Debug;
		};
		F25E1EC52BAC581C00C440F1 /* Release */ = {
			isa = XCBuildConfiguration;
			buildSettings = {
				ALWAYS_EMBED_SWIFT_STANDARD_LIBRARIES = YES;
				BUNDLE_LOADER = "$(TEST_HOST)";
				CODE_SIGN_STYLE = Automatic;
				CURRENT_PROJECT_VERSION = 1;
				DEVELOPMENT_TEAM = LWVWLR4225;
				GENERATE_INFOPLIST_FILE = YES;
				IPHONEOS_DEPLOYMENT_TARGET = 16.4;
				MARKETING_VERSION = 1.0;
				PRODUCT_BUNDLE_IDENTIFIER = tech.codefeed.app.JustAnotherWeatherAppTests;
				PRODUCT_NAME = "$(TARGET_NAME)";
				SWIFT_EMIT_LOC_STRINGS = NO;
				SWIFT_VERSION = 5.0;
				TARGETED_DEVICE_FAMILY = "1,2";
				TEST_HOST = "$(BUILT_PRODUCTS_DIR)/JustAnotherWeatherApp.app/$(BUNDLE_EXECUTABLE_FOLDER_PATH)/JustAnotherWeatherApp";
			};
			name = Release;
		};
		F25E1EC72BAC581C00C440F1 /* Debug */ = {
			isa = XCBuildConfiguration;
			buildSettings = {
				ALWAYS_EMBED_SWIFT_STANDARD_LIBRARIES = YES;
				CODE_SIGN_STYLE = Automatic;
				CURRENT_PROJECT_VERSION = 1;
				DEVELOPMENT_TEAM = LWVWLR4225;
				GENERATE_INFOPLIST_FILE = YES;
				MARKETING_VERSION = 1.0;
				PRODUCT_BUNDLE_IDENTIFIER = tech.codefeed.app.JustAnotherWeatherAppUITests;
				PRODUCT_NAME = "$(TARGET_NAME)";
				SWIFT_EMIT_LOC_STRINGS = NO;
				SWIFT_VERSION = 5.0;
				TARGETED_DEVICE_FAMILY = "1,2";
				TEST_TARGET_NAME = JustAnotherWeatherApp;
			};
			name = Debug;
		};
		F25E1EC82BAC581C00C440F1 /* Release */ = {
			isa = XCBuildConfiguration;
			buildSettings = {
				ALWAYS_EMBED_SWIFT_STANDARD_LIBRARIES = YES;
				CODE_SIGN_STYLE = Automatic;
				CURRENT_PROJECT_VERSION = 1;
				DEVELOPMENT_TEAM = LWVWLR4225;
				GENERATE_INFOPLIST_FILE = YES;
				MARKETING_VERSION = 1.0;
				PRODUCT_BUNDLE_IDENTIFIER = tech.codefeed.app.JustAnotherWeatherAppUITests;
				PRODUCT_NAME = "$(TARGET_NAME)";
				SWIFT_EMIT_LOC_STRINGS = NO;
				SWIFT_VERSION = 5.0;
				TARGETED_DEVICE_FAMILY = "1,2";
				TEST_TARGET_NAME = JustAnotherWeatherApp;
			};
			name = Release;
		};
/* End XCBuildConfiguration section */

/* Begin XCConfigurationList section */
		F25E1E972BAC581800C440F1 /* Build configuration list for PBXProject "JustAnotherWeatherApp" */ = {
			isa = XCConfigurationList;
			buildConfigurations = (
				F25E1EBE2BAC581C00C440F1 /* Debug */,
				F25E1EBF2BAC581C00C440F1 /* Release */,
			);
			defaultConfigurationIsVisible = 0;
			defaultConfigurationName = Release;
		};
		F25E1EC02BAC581C00C440F1 /* Build configuration list for PBXNativeTarget "JustAnotherWeatherApp" */ = {
			isa = XCConfigurationList;
			buildConfigurations = (
				F25E1EC12BAC581C00C440F1 /* Debug */,
				F25E1EC22BAC581C00C440F1 /* Release */,
			);
			defaultConfigurationIsVisible = 0;
			defaultConfigurationName = Release;
		};
		F25E1EC32BAC581C00C440F1 /* Build configuration list for PBXNativeTarget "JustAnotherWeatherAppTests" */ = {
			isa = XCConfigurationList;
			buildConfigurations = (
				F25E1EC42BAC581C00C440F1 /* Debug */,
				F25E1EC52BAC581C00C440F1 /* Release */,
			);
			defaultConfigurationIsVisible = 0;
			defaultConfigurationName = Release;
		};
		F25E1EC62BAC581C00C440F1 /* Build configuration list for PBXNativeTarget "JustAnotherWeatherAppUITests" */ = {
			isa = XCConfigurationList;
			buildConfigurations = (
				F25E1EC72BAC581C00C440F1 /* Debug */,
				F25E1EC82BAC581C00C440F1 /* Release */,
			);
			defaultConfigurationIsVisible = 0;
			defaultConfigurationName = Release;
		};
/* End XCConfigurationList section */

/* Begin XCRemoteSwiftPackageReference section */
		F25E1ED32BAD92A000C440F1 /* XCRemoteSwiftPackageReference "RKAPIService" */ = {
			isa = XCRemoteSwiftPackageReference;
			repositoryURL = "https://github.com/TheRakiburKhan/RKAPIService.git";
			requirement = {
				kind = upToNextMajorVersion;
				minimumVersion = 3.0.0;
			};
		};
/* End XCRemoteSwiftPackageReference section */

/* Begin XCSwiftPackageProductDependency section */
		F25E1ED42BAD92A000C440F1 /* RKAPIService */ = {
			isa = XCSwiftPackageProductDependency;
			package = F25E1ED32BAD92A000C440F1 /* XCRemoteSwiftPackageReference "RKAPIService" */;
			productName = RKAPIService;
		};
		F25E1ED62BAD92A000C440F1 /* RKAPIUtility */ = {
			isa = XCSwiftPackageProductDependency;
			package = F25E1ED32BAD92A000C440F1 /* XCRemoteSwiftPackageReference "RKAPIService" */;
			productName = RKAPIUtility;
		};
/* End XCSwiftPackageProductDependency section */
	};
	rootObject = F25E1E942BAC581800C440F1 /* Project object */;
}
